// !$*UTF8*$!
{
	archiveVersion = 1;
	classes = {
	};
	objectVersion = 50;
	objects = {

/* Begin PBXBuildFile section */
		EA7068EE25F7672A001FBD7F /* GenericTest.swift in Sources */ = {isa = PBXBuildFile; fileRef = EA7068ED25F7672A001FBD7F /* GenericTest.swift */; };
		EA7068F325F85154001FBD7F /* ReferenceType.swift in Sources */ = {isa = PBXBuildFile; fileRef = EA7068F225F85154001FBD7F /* ReferenceType.swift */; };
		EA7068F725F855E7001FBD7F /* Value Type.swift in Sources */ = {isa = PBXBuildFile; fileRef = EA7068F625F855E7001FBD7F /* Value Type.swift */; };
		EA7068FA25F86741001FBD7F /* ReferenceTypeWithValueType.swift in Sources */ = {isa = PBXBuildFile; fileRef = EA7068F925F86741001FBD7F /* ReferenceTypeWithValueType.swift */; };
		EA7068FD25F8811D001FBD7F /* ValueTypeWithReferenceType.swift in Sources */ = {isa = PBXBuildFile; fileRef = EA7068FC25F8811D001FBD7F /* ValueTypeWithReferenceType.swift */; };
		EA70690125F88EAE001FBD7F /* ARCTest.swift in Sources */ = {isa = PBXBuildFile; fileRef = EA70690025F88EAE001FBD7F /* ARCTest.swift */; };
		EAE3123425E4A1E1007A1384 /* main.swift in Sources */ = {isa = PBXBuildFile; fileRef = EAE3123325E4A1E1007A1384 /* main.swift */; };
		EAE3123E25E4A226007A1384 /* Shoe.swift in Sources */ = {isa = PBXBuildFile; fileRef = EAE3123D25E4A226007A1384 /* Shoe.swift */; };
/* End PBXBuildFile section */

/* Begin PBXCopyFilesBuildPhase section */
		EAE3122E25E4A1E0007A1384 /* CopyFiles */ = {
			isa = PBXCopyFilesBuildPhase;
			buildActionMask = 2147483647;
			dstPath = /usr/share/man/man1/;
			dstSubfolderSpec = 0;
			files = (
			);
			runOnlyForDeploymentPostprocessing = 1;
		};
/* End PBXCopyFilesBuildPhase section */

/* Begin PBXFileReference section */
		EA7068ED25F7672A001FBD7F /* GenericTest.swift */ = {isa = PBXFileReference; lastKnownFileType = sourcecode.swift; path = GenericTest.swift; sourceTree = "<group>"; };
		EA7068F225F85154001FBD7F /* ReferenceType.swift */ = {isa = PBXFileReference; lastKnownFileType = sourcecode.swift; path = ReferenceType.swift; sourceTree = "<group>"; };
		EA7068F625F855E7001FBD7F /* Value Type.swift */ = {isa = PBXFileReference; lastKnownFileType = sourcecode.swift; path = "Value Type.swift"; sourceTree = "<group>"; };
		EA7068F925F86741001FBD7F /* ReferenceTypeWithValueType.swift */ = {isa = PBXFileReference; lastKnownFileType = sourcecode.swift; path = ReferenceTypeWithValueType.swift; sourceTree = "<group>"; };
		EA7068FC25F8811D001FBD7F /* ValueTypeWithReferenceType.swift */ = {isa = PBXFileReference; lastKnownFileType = sourcecode.swift; path = ValueTypeWithReferenceType.swift; sourceTree = "<group>"; };
		EA70690025F88EAE001FBD7F /* ARCTest.swift */ = {isa = PBXFileReference; lastKnownFileType = sourcecode.swift; path = ARCTest.swift; sourceTree = "<group>"; };
		EAE3123025E4A1E1007A1384 /* SwiftPlayground */ = {isa = PBXFileReference; explicitFileType = "compiled.mach-o.executable"; includeInIndex = 0; path = SwiftPlayground; sourceTree = BUILT_PRODUCTS_DIR; };
		EAE3123325E4A1E1007A1384 /* main.swift */ = {isa = PBXFileReference; lastKnownFileType = sourcecode.swift; path = main.swift; sourceTree = "<group>"; };
		EAE3123D25E4A226007A1384 /* Shoe.swift */ = {isa = PBXFileReference; lastKnownFileType = sourcecode.swift; path = Shoe.swift; sourceTree = "<group>"; };
/* End PBXFileReference section */

/* Begin PBXFrameworksBuildPhase section */
		EAE3122D25E4A1E0007A1384 /* Frameworks */ = {
			isa = PBXFrameworksBuildPhase;
			buildActionMask = 2147483647;
			files = (
			);
			runOnlyForDeploymentPostprocessing = 0;
		};
/* End PBXFrameworksBuildPhase section */

/* Begin PBXGroup section */
		EA7068EC25F7670E001FBD7F /* Generic */ = {
			isa = PBXGroup;
			children = (
				EA7068ED25F7672A001FBD7F /* GenericTest.swift */,
			);
			path = Generic;
			sourceTree = "<group>";
		};
		EA7068F125F85137001FBD7F /* Value & Reference */ = {
			isa = PBXGroup;
			children = (
				EA7068F225F85154001FBD7F /* ReferenceType.swift */,
				EA7068F625F855E7001FBD7F /* Value Type.swift */,
				EA7068F925F86741001FBD7F /* ReferenceTypeWithValueType.swift */,
				EA7068FC25F8811D001FBD7F /* ValueTypeWithReferenceType.swift */,
			);
			path = "Value & Reference";
			sourceTree = "<group>";
		};
		EA7068FF25F88E9A001FBD7F /* ARC */ = {
			isa = PBXGroup;
			children = (
				EA70690025F88EAE001FBD7F /* ARCTest.swift */,
			);
			path = ARC;
			sourceTree = "<group>";
		};
		EAE3122725E4A1E0007A1384 = {
			isa = PBXGroup;
			children = (
				EAE3123225E4A1E1007A1384 /* SwiftPlayground */,
				EAE3123125E4A1E1007A1384 /* Products */,
			);
			sourceTree = "<group>";
		};
		EAE3123125E4A1E1007A1384 /* Products */ = {
			isa = PBXGroup;
			children = (
				EAE3123025E4A1E1007A1384 /* SwiftPlayground */,
			);
			name = Products;
			sourceTree = "<group>";
		};
		EAE3123225E4A1E1007A1384 /* SwiftPlayground */ = {
			isa = PBXGroup;
			children = (
				EA7068FF25F88E9A001FBD7F /* ARC */,
				EA7068F125F85137001FBD7F /* Value & Reference */,
				EA7068EC25F7670E001FBD7F /* Generic */,
				EAE3123C25E4A214007A1384 /* Shoe */,
				EAE3123325E4A1E1007A1384 /* main.swift */,
			);
			path = SwiftPlayground;
			sourceTree = "<group>";
		};
		EAE3123C25E4A214007A1384 /* Shoe */ = {
			isa = PBXGroup;
			children = (
				EAE3123D25E4A226007A1384 /* Shoe.swift */,
			);
			path = Shoe;
			sourceTree = "<group>";
		};
/* End PBXGroup section */

/* Begin PBXNativeTarget section */
		EAE3122F25E4A1E0007A1384 /* SwiftPlayground */ = {
			isa = PBXNativeTarget;
			buildConfigurationList = EAE3123725E4A1E1007A1384 /* Build configuration list for PBXNativeTarget "SwiftPlayground" */;
			buildPhases = (
				EAE3122C25E4A1E0007A1384 /* Sources */,
				EAE3122D25E4A1E0007A1384 /* Frameworks */,
				EAE3122E25E4A1E0007A1384 /* CopyFiles */,
			);
			buildRules = (
			);
			dependencies = (
			);
			name = SwiftPlayground;
			productName = SwiftPlayground;
			productReference = EAE3123025E4A1E1007A1384 /* SwiftPlayground */;
			productType = "com.apple.product-type.tool";
		};
/* End PBXNativeTarget section */

/* Begin PBXProject section */
		EAE3122825E4A1E0007A1384 /* Project object */ = {
			isa = PBXProject;
			attributes = {
				LastSwiftUpdateCheck = 1240;
				LastUpgradeCheck = 1240;
				TargetAttributes = {
					EAE3122F25E4A1E0007A1384 = {
						CreatedOnToolsVersion = 12.4;
					};
				};
			};
			buildConfigurationList = EAE3122B25E4A1E0007A1384 /* Build configuration list for PBXProject "SwiftPlayground" */;
			compatibilityVersion = "Xcode 9.3";
			developmentRegion = en;
			hasScannedForEncodings = 0;
			knownRegions = (
				en,
				Base,
			);
			mainGroup = EAE3122725E4A1E0007A1384;
			productRefGroup = EAE3123125E4A1E1007A1384 /* Products */;
			projectDirPath = "";
			projectRoot = "";
			targets = (
				EAE3122F25E4A1E0007A1384 /* SwiftPlayground */,
			);
		};
/* End PBXProject section */

/* Begin PBXSourcesBuildPhase section */
		EAE3122C25E4A1E0007A1384 /* Sources */ = {
			isa = PBXSourcesBuildPhase;
			buildActionMask = 2147483647;
			files = (
				EA7068F725F855E7001FBD7F /* Value Type.swift in Sources */,
				EA7068EE25F7672A001FBD7F /* GenericTest.swift in Sources */,
				EA7068FA25F86741001FBD7F /* ReferenceTypeWithValueType.swift in Sources */,
				EA7068FD25F8811D001FBD7F /* ValueTypeWithReferenceType.swift in Sources */,
				EAE3123E25E4A226007A1384 /* Shoe.swift in Sources */,
				EAE3123425E4A1E1007A1384 /* main.swift in Sources */,
				EA70690125F88EAE001FBD7F /* ARCTest.swift in Sources */,
				EA7068F325F85154001FBD7F /* ReferenceType.swift in Sources */,
			);
			runOnlyForDeploymentPostprocessing = 0;
		};
/* End PBXSourcesBuildPhase section */

/* Begin XCBuildConfiguration section */
		EAE3123525E4A1E1007A1384 /* Debug */ = {
			isa = XCBuildConfiguration;
			buildSettings = {
				ALWAYS_SEARCH_USER_PATHS = NO;
				CLANG_ANALYZER_NONNULL = YES;
				CLANG_ANALYZER_NUMBER_OBJECT_CONVERSION = YES_AGGRESSIVE;
				CLANG_CXX_LANGUAGE_STANDARD = "gnu++14";
				CLANG_CXX_LIBRARY = "libc++";
				CLANG_ENABLE_MODULES = YES;
				CLANG_ENABLE_OBJC_ARC = YES;
				CLANG_ENABLE_OBJC_WEAK = YES;
				CLANG_WARN_BLOCK_CAPTURE_AUTORELEASING = YES;
				CLANG_WARN_BOOL_CONVERSION = YES;
				CLANG_WARN_COMMA = YES;
				CLANG_WARN_CONSTANT_CONVERSION = YES;
				CLANG_WARN_DEPRECATED_OBJC_IMPLEMENTATIONS = YES;
				CLANG_WARN_DIRECT_OBJC_ISA_USAGE = YES_ERROR;
				CLANG_WARN_DOCUMENTATION_COMMENTS = YES;
				CLANG_WARN_EMPTY_BODY = YES;
				CLANG_WARN_ENUM_CONVERSION = YES;
				CLANG_WARN_INFINITE_RECURSION = YES;
				CLANG_WARN_INT_CONVERSION = YES;
				CLANG_WARN_NON_LITERAL_NULL_CONVERSION = YES;
				CLANG_WARN_OBJC_IMPLICIT_RETAIN_SELF = YES;
				CLANG_WARN_OBJC_LITERAL_CONVERSION = YES;
				CLANG_WARN_OBJC_ROOT_CLASS = YES_ERROR;
				CLANG_WARN_QUOTED_INCLUDE_IN_FRAMEWORK_HEADER = YES;
				CLANG_WARN_RANGE_LOOP_ANALYSIS = YES;
				CLANG_WARN_STRICT_PROTOTYPES = YES;
				CLANG_WARN_SUSPICIOUS_MOVE = YES;
				CLANG_WARN_UNGUARDED_AVAILABILITY = YES_AGGRESSIVE;
				CLANG_WARN_UNREACHABLE_CODE = YES;
				CLANG_WARN__DUPLICATE_METHOD_MATCH = YES;
				COPY_PHASE_STRIP = NO;
				DEBUG_INFORMATION_FORMAT = dwarf;
				ENABLE_STRICT_OBJC_MSGSEND = YES;
				ENABLE_TESTABILITY = YES;
				GCC_C_LANGUAGE_STANDARD = gnu11;
				GCC_DYNAMIC_NO_PIC = NO;
				GCC_NO_COMMON_BLOCKS = YES;
				GCC_OPTIMIZATION_LEVEL = 0;
				GCC_PREPROCESSOR_DEFINITIONS = (
					"DEBUG=1",
					"$(inherited)",
				);
				GCC_WARN_64_TO_32_BIT_CONVERSION = YES;
				GCC_WARN_ABOUT_RETURN_TYPE = YES_ERROR;
				GCC_WARN_UNDECLARED_SELECTOR = YES;
				GCC_WARN_UNINITIALIZED_AUTOS = YES_AGGRESSIVE;
				GCC_WARN_UNUSED_FUNCTION = YES;
				GCC_WARN_UNUSED_VARIABLE = YES;
				MACOSX_DEPLOYMENT_TARGET = 11.1;
				MTL_ENABLE_DEBUG_INFO = INCLUDE_SOURCE;
				MTL_FAST_MATH = YES;
				ONLY_ACTIVE_ARCH = YES;
				SDKROOT = macosx;
				SWIFT_ACTIVE_COMPILATION_CONDITIONS = DEBUG;
				SWIFT_OPTIMIZATION_LEVEL = "-Onone";
			};
			name = Debug;
		};
		EAE3123625E4A1E1007A1384 /* Release */ = {
			isa = XCBuildConfiguration;
			buildSettings = {
				ALWAYS_SEARCH_USER_PATHS = NO;
				CLANG_ANALYZER_NONNULL = YES;
				CLANG_ANALYZER_NUMBER_OBJECT_CONVERSION = YES_AGGRESSIVE;
				CLANG_CXX_LANGUAGE_STANDARD = "gnu++14";
				CLANG_CXX_LIBRARY = "libc++";
				CLANG_ENABLE_MODULES = YES;
				CLANG_ENABLE_OBJC_ARC = YES;
				CLANG_ENABLE_OBJC_WEAK = YES;
				CLANG_WARN_BLOCK_CAPTURE_AUTORELEASING = YES;
				CLANG_WARN_BOOL_CONVERSION = YES;
				CLANG_WARN_COMMA = YES;
				CLANG_WARN_CONSTANT_CONVERSION = YES;
				CLANG_WARN_DEPRECATED_OBJC_IMPLEMENTATIONS = YES;
				CLANG_WARN_DIRECT_OBJC_ISA_USAGE = YES_ERROR;
				CLANG_WARN_DOCUMENTATION_COMMENTS = YES;
				CLANG_WARN_EMPTY_BODY = YES;
				CLANG_WARN_ENUM_CONVERSION = YES;
				CLANG_WARN_INFINITE_RECURSION = YES;
				CLANG_WARN_INT_CONVERSION = YES;
				CLANG_WARN_NON_LITERAL_NULL_CONVERSION = YES;
				CLANG_WARN_OBJC_IMPLICIT_RETAIN_SELF = YES;
				CLANG_WARN_OBJC_LITERAL_CONVERSION = YES;
				CLANG_WARN_OBJC_ROOT_CLASS = YES_ERROR;
				CLANG_WARN_QUOTED_INCLUDE_IN_FRAMEWORK_HEADER = YES;
				CLANG_WARN_RANGE_LOOP_ANALYSIS = YES;
				CLANG_WARN_STRICT_PROTOTYPES = YES;
				CLANG_WARN_SUSPICIOUS_MOVE = YES;
				CLANG_WARN_UNGUARDED_AVAILABILITY = YES_AGGRESSIVE;
				CLANG_WARN_UNREACHABLE_CODE = YES;
				CLANG_WARN__DUPLICATE_METHOD_MATCH = YES;
				COPY_PHASE_STRIP = NO;
				DEBUG_INFORMATION_FORMAT = "dwarf-with-dsym";
				ENABLE_NS_ASSERTIONS = NO;
				ENABLE_STRICT_OBJC_MSGSEND = YES;
				GCC_C_LANGUAGE_STANDARD = gnu11;
				GCC_NO_COMMON_BLOCKS = YES;
				GCC_WARN_64_TO_32_BIT_CONVERSION = YES;
				GCC_WARN_ABOUT_RETURN_TYPE = YES_ERROR;
				GCC_WARN_UNDECLARED_SELECTOR = YES;
				GCC_WARN_UNINITIALIZED_AUTOS = YES_AGGRESSIVE;
				GCC_WARN_UNUSED_FUNCTION = YES;
				GCC_WARN_UNUSED_VARIABLE = YES;
				MACOSX_DEPLOYMENT_TARGET = 11.1;
				MTL_ENABLE_DEBUG_INFO = NO;
				MTL_FAST_MATH = YES;
				SDKROOT = macosx;
				SWIFT_COMPILATION_MODE = wholemodule;
				SWIFT_OPTIMIZATION_LEVEL = "-O";
			};
			name = Release;
		};
		EAE3123825E4A1E1007A1384 /* Debug */ = {
			isa = XCBuildConfiguration;
			buildSettings = {
				CODE_SIGN_STYLE = Automatic;
				DEVELOPMENT_TEAM = HUUUBGL4W2;
				ENABLE_HARDENED_RUNTIME = YES;
				PRODUCT_NAME = "$(TARGET_NAME)";
				SWIFT_VERSION = 5.0;
			};
			name = Debug;
		};
		EAE3123925E4A1E1007A1384 /* Release */ = {
			isa = XCBuildConfiguration;
			buildSettings = {
				CODE_SIGN_STYLE = Automatic;
				DEVELOPMENT_TEAM = HUUUBGL4W2;
				ENABLE_HARDENED_RUNTIME = YES;
				PRODUCT_NAME = "$(TARGET_NAME)";
				SWIFT_VERSION = 5.0;
			};
			name = Release;
		};
/* End XCBuildConfiguration section */

/* Begin XCConfigurationList section */
		EAE3122B25E4A1E0007A1384 /* Build configuration list for PBXProject "SwiftPlayground" */ = {
			isa = XCConfigurationList;
			buildConfigurations = (
				EAE3123525E4A1E1007A1384 /* Debug */,
				EAE3123625E4A1E1007A1384 /* Release */,
			);
			defaultConfigurationIsVisible = 0;
			defaultConfigurationName = Release;
		};
		EAE3123725E4A1E1007A1384 /* Build configuration list for PBXNativeTarget "SwiftPlayground" */ = {
			isa = XCConfigurationList;
			buildConfigurations = (
				EAE3123825E4A1E1007A1384 /* Debug */,
				EAE3123925E4A1E1007A1384 /* Release */,
			);
			defaultConfigurationIsVisible = 0;
			defaultConfigurationName = Release;
		};
/* End XCConfigurationList section */
	};
	rootObject = EAE3122825E4A1E0007A1384 /* Project object */;
}
